
Microsoft Visual Studio Solution File, Format Version 12.00
# Visual Studio 14
VisualStudioVersion = 14.0.25420.1
MinimumVisualStudioVersion = 10.0.40219.1
Project("{FAE04EC0-301F-11D3-BF4B-00C04F79EFBC}") = "Chromatic", "Chromatic.csproj", "{7FC05D07-3125-4486-B7B3-BB42A908150D}"
EndProject
Project("{FAE04EC0-301F-11D3-BF4B-00C04F79EFBC}") = "DataTypes", "..\DataTypes\DataTypes.csproj", "{1CBCBE22-C065-474F-B65B-5A4A1F57A92C}"
EndProject
Global
	GlobalSection(SolutionConfigurationPlatforms) = preSolution
		Debug|Any CPU = Debug|Any CPU
		Release|Any CPU = Release|Any CPU
	EndGlobalSection
	GlobalSection(ProjectConfigurationPlatforms) = postSolution
		{7FC05D07-3125-4486-B7B3-BB42A908150D}.Debug|Any CPU.ActiveCfg = Debug|Any CPU
		{7FC05D07-3125-4486-B7B3-BB42A908150D}.Debug|Any CPU.Build.0 = Debug|Any CPU
		{7FC05D07-3125-4486-B7B3-BB42A908150D}.Release|Any CPU.ActiveCfg = Release|Any CPU
		{7FC05D07-3125-4486-B7B3-BB42A908150D}.Release|Any CPU.Build.0 = Release|Any CPU
		{1CBCBE22-C065-474F-B65B-5A4A1F57A92C}.Debug|Any CPU.ActiveCfg = Debug|Any CPU
		{1CBCBE22-C065-474F-B65B-5A4A1F57A92C}.Debug|Any CPU.Build.0 = Debug|Any CPU
		{1CBCBE22-C065-474F-B65B-5A4A1F57A92C}.Release|Any CPU.ActiveCfg = Release|Any CPU
		{1CBCBE22-C065-474F-B65B-5A4A1F57A92C}.Release|Any CPU.Build.0 = Release|Any CPU
	EndGlobalSection
	GlobalSection(SolutionProperties) = preSolution
		HideSolutionNode = FALSE
	EndGlobalSection
EndGlobal
